
Microsoft Visual Studio Solution File, Format Version 12.00
Project("{FAE04EC0-301F-11D3-BF4B-00C04F79EFBC}") = "DotNetTrainingBatch3.Database", "DotNetTrainingBatch3.Database\DotNetTrainingBatch3.Database.csproj", "{B1CCE8E7-19CC-4A56-9722-E93E906B5FAF}"
EndProject
Project("{FAE04EC0-301F-11D3-BF4B-00C04F79EFBC}") = "DotNetTrainingBatch3.Mvc", "DotNetTrainingBatch3.Mvc\DotNetTrainingBatch3.Mvc.csproj", "{B0F37D08-13D5-4128-A482-772184601B3A}"
EndProject
Global
	GlobalSection(SolutionConfigurationPlatforms) = preSolution
		Debug|Any CPU = Debug|Any CPU
		Release|Any CPU = Release|Any CPU
	EndGlobalSection
	GlobalSection(ProjectConfigurationPlatforms) = postSolution
		{B1CCE8E7-19CC-4A56-9722-E93E906B5FAF}.Debug|Any CPU.ActiveCfg = Debug|Any CPU
		{B1CCE8E7-19CC-4A56-9722-E93E906B5FAF}.Debug|Any CPU.Build.0 = Debug|Any CPU
		{B1CCE8E7-19CC-4A56-9722-E93E906B5FAF}.Release|Any CPU.ActiveCfg = Release|Any CPU
		{B1CCE8E7-19CC-4A56-9722-E93E906B5FAF}.Release|Any CPU.Build.0 = Release|Any CPU
		{B0F37D08-13D5-4128-A482-772184601B3A}.Debug|Any CPU.ActiveCfg = Debug|Any CPU
		{B0F37D08-13D5-4128-A482-772184601B3A}.Debug|Any CPU.Build.0 = Debug|Any CPU
		{B0F37D08-13D5-4128-A482-772184601B3A}.Release|Any CPU.ActiveCfg = Release|Any CPU
		{B0F37D08-13D5-4128-A482-772184601B3A}.Release|Any CPU.Build.0 = Release|Any CPU
	EndGlobalSection
EndGlobal
